{
  "name": "metod-app",
  "lockfileVersion": 3,
  "requires": true,
  "packages": {
    "": {
      "dependencies": {
        "@tanstack/react-query-devtools": "^5.90.1"
      }
    },
    "node_modules/@tanstack/query-core": {
      "version": "5.90.1",
      "resolved": "https://registry.npmjs.org/@tanstack/query-core/-/query-core-5.90.1.tgz",
      "integrity": "sha512-hmi8i+mWP3QnD8yq3+6LWri9IEZAlFbpbM/UVB+TJtp5RIxUfzuARqyW39b+HCfBKKnFKSHWMXNB5YN8lo/E/Q==",
      "license": "MIT",
      "peer": true,
      "funding": {
        "type": "github",
        "url": "https://github.com/sponsors/tannerlinsley"
      }
    },
    "node_modules/@tanstack/query-devtools": {
      "version": "5.90.1",
      "resolved": "https://registry.npmjs.org/@tanstack/query-devtools/-/query-devtools-5.90.1.tgz",
      "integrity": "sha512-GtINOPjPUH0OegJExZ70UahT9ykmAhmtNVcmtdnOZbxLwT7R5OmRztR5Ahe3/Cu7LArEmR6/588tAycuaWb1xQ==",
      "license": "MIT",
      "funding": {
        "type": "github",
        "url": "https://github.com/sponsors/tannerlinsley"
      }
    },
    "node_modules/@tanstack/react-query": {
      "version": "5.90.1",
      "resolved": "https://registry.npmjs.org/@tanstack/react-query/-/react-query-5.90.1.tgz",
      "integrity": "sha512-tN7Fx2HuV2SBhl+STgL8enbfSInRoNU1B1+5LIU62klcMElE4lFzol4aReuRSUeD6ntzPayK0KrM6w9+ZlHEkw==",
      "license": "MIT",
      "peer": true,
      "dependencies": {
        "@tanstack/query-core": "5.90.1"
      },
      "funding": {
        "type": "github",
        "url": "https://github.com/sponsors/tannerlinsley"
      },
      "peerDependencies": {
        "react": "^18 || ^19"
      }
    },
    "node_modules/@tanstack/react-query-devtools": {
      "version": "5.90.1",
      "resolved": "https://registry.npmjs.org/@tanstack/react-query-devtools/-/react-query-devtools-5.90.1.tgz",
      "integrity": "sha512-otOjczcUft13RZlWi8JHIWei1MLuRf0AK+hyEEAm0/IqKUbs/0ZXj0wlc+P1XdE0nYcOMuHK69496FvP/9g3LQ==",
      "license": "MIT",
      "dependencies": {
        "@tanstack/query-devtools": "5.90.1"
      },
      "funding": {
        "type": "github",
        "url": "https://github.com/sponsors/tannerlinsley"
      },
      "peerDependencies": {
        "@tanstack/react-query": "^5.90.1",
        "react": "^18 || ^19"
      }
    },
    "node_modules/react": {
      "version": "19.1.1",
      "resolved": "https://registry.npmjs.org/react/-/react-19.1.1.tgz",
      "integrity": "sha512-w8nqGImo45dmMIfljjMwOGtbmC/mk4CMYhWIicdSflH91J9TyCyczcPFXJzrZ/ZXcgGRFeP6BU0BEJTw6tZdfQ==",
      "license": "MIT",
      "peer": true,
      "engines": {
        "node": ">=0.10.0"
      }
    }
  }
}
